
Microsoft Visual Studio Solution File, Format Version 12.00
# Visual Studio 15
VisualStudioVersion = 15.0.27703.2026
MinimumVisualStudioVersion = 10.0.40219.1
Project("{9A19103F-16F7-4668-BE54-9A1E7A4F7556}") = "TicTacToe.Core", "TicTacToe.Core\TicTacToe.Core.csproj", "{4FFE2B1E-30A4-4735-9F41-10AFC02CA51C}"
EndProject
Project("{9A19103F-16F7-4668-BE54-9A1E7A4F7556}") = "TicTacToe.Core.Tests", "TicTacToe.Core.Tests\TicTacToe.Core.Tests.csproj", "{BC9B9D60-6D40-49EE-8CAB-384A2B8A646E}"
EndProject
Project("{9A19103F-16F7-4668-BE54-9A1E7A4F7556}") = "TicTacToe.Core.Interfaces", "TicTacToe.Core.Interfaces\TicTacToe.Core.Interfaces.csproj", "{577B3669-97E5-4A01-AB0C-D00416CA7C2D}"
EndProject
Project("{FAE04EC0-301F-11D3-BF4B-00C04F79EFBC}") = "TicTacToe.WindowsDesktop.Forms", "TicTacToe.WindowsDesktop.Forms\TicTacToe.WindowsDesktop.Forms.csproj", "{D41FA4DF-CE1C-4B8C-B085-E8CD1FCF7ECF}"
EndProject
Project("{9A19103F-16F7-4668-BE54-9A1E7A4F7556}") = "TicTacToe.Console", "TicTacToe.Console\TicTacToe.Console.csproj", "{6E16E3F0-5FE3-4287-A026-EEBA337D62CD}"
EndProject
Project("{9A19103F-16F7-4668-BE54-9A1E7A4F7556}") = "TicTacToe.Console.Core", "TicTacToe.Console.Core\TicTacToe.Console.Core.csproj", "{5B05CFEF-85AE-47C6-93F9-BAD094733895}"
EndProject
Project("{FAE04EC0-301F-11D3-BF4B-00C04F79EFBC}") = "TicTacToe.ReactWebApp", "TicTacToe.ReactWebApp\TicTacToe.ReactWebApp.csproj", "{6CD83C9A-2F01-4BA7-B748-9B422C8126D9}"
EndProject
Global
	GlobalSection(SolutionConfigurationPlatforms) = preSolution
		Debug|Any CPU = Debug|Any CPU
		Release|Any CPU = Release|Any CPU
	EndGlobalSection
	GlobalSection(ProjectConfigurationPlatforms) = postSolution
		{4FFE2B1E-30A4-4735-9F41-10AFC02CA51C}.Debug|Any CPU.ActiveCfg = Debug|Any CPU
		{4FFE2B1E-30A4-4735-9F41-10AFC02CA51C}.Debug|Any CPU.Build.0 = Debug|Any CPU
		{4FFE2B1E-30A4-4735-9F41-10AFC02CA51C}.Release|Any CPU.ActiveCfg = Release|Any CPU
		{4FFE2B1E-30A4-4735-9F41-10AFC02CA51C}.Release|Any CPU.Build.0 = Release|Any CPU
		{BC9B9D60-6D40-49EE-8CAB-384A2B8A646E}.Debug|Any CPU.ActiveCfg = Debug|Any CPU
		{BC9B9D60-6D40-49EE-8CAB-384A2B8A646E}.Debug|Any CPU.Build.0 = Debug|Any CPU
		{BC9B9D60-6D40-49EE-8CAB-384A2B8A646E}.Release|Any CPU.ActiveCfg = Release|Any CPU
		{BC9B9D60-6D40-49EE-8CAB-384A2B8A646E}.Release|Any CPU.Build.0 = Release|Any CPU
		{577B3669-97E5-4A01-AB0C-D00416CA7C2D}.Debug|Any CPU.ActiveCfg = Debug|Any CPU
		{577B3669-97E5-4A01-AB0C-D00416CA7C2D}.Debug|Any CPU.Build.0 = Debug|Any CPU
		{577B3669-97E5-4A01-AB0C-D00416CA7C2D}.Release|Any CPU.ActiveCfg = Release|Any CPU
		{577B3669-97E5-4A01-AB0C-D00416CA7C2D}.Release|Any CPU.Build.0 = Release|Any CPU
		{D41FA4DF-CE1C-4B8C-B085-E8CD1FCF7ECF}.Debug|Any CPU.ActiveCfg = Debug|Any CPU
		{D41FA4DF-CE1C-4B8C-B085-E8CD1FCF7ECF}.Debug|Any CPU.Build.0 = Debug|Any CPU
		{D41FA4DF-CE1C-4B8C-B085-E8CD1FCF7ECF}.Release|Any CPU.ActiveCfg = Release|Any CPU
		{D41FA4DF-CE1C-4B8C-B085-E8CD1FCF7ECF}.Release|Any CPU.Build.0 = Release|Any CPU
		{6E16E3F0-5FE3-4287-A026-EEBA337D62CD}.Debug|Any CPU.ActiveCfg = Debug|Any CPU
		{6E16E3F0-5FE3-4287-A026-EEBA337D62CD}.Debug|Any CPU.Build.0 = Debug|Any CPU
		{6E16E3F0-5FE3-4287-A026-EEBA337D62CD}.Release|Any CPU.ActiveCfg = Release|Any CPU
		{6E16E3F0-5FE3-4287-A026-EEBA337D62CD}.Release|Any CPU.Build.0 = Release|Any CPU
		{5B05CFEF-85AE-47C6-93F9-BAD094733895}.Debug|Any CPU.ActiveCfg = Debug|Any CPU
		{5B05CFEF-85AE-47C6-93F9-BAD094733895}.Debug|Any CPU.Build.0 = Debug|Any CPU
		{5B05CFEF-85AE-47C6-93F9-BAD094733895}.Release|Any CPU.ActiveCfg = Release|Any CPU
		{5B05CFEF-85AE-47C6-93F9-BAD094733895}.Release|Any CPU.Build.0 = Release|Any CPU
		{6CD83C9A-2F01-4BA7-B748-9B422C8126D9}.Debug|Any CPU.ActiveCfg = Debug|Any CPU
		{6CD83C9A-2F01-4BA7-B748-9B422C8126D9}.Debug|Any CPU.Build.0 = Debug|Any CPU
		{6CD83C9A-2F01-4BA7-B748-9B422C8126D9}.Release|Any CPU.ActiveCfg = Release|Any CPU
		{6CD83C9A-2F01-4BA7-B748-9B422C8126D9}.Release|Any CPU.Build.0 = Release|Any CPU
	EndGlobalSection
	GlobalSection(SolutionProperties) = preSolution
		HideSolutionNode = FALSE
	EndGlobalSection
	GlobalSection(ExtensibilityGlobals) = postSolution
		SolutionGuid = {C2344089-E1C4-41F4-AD2A-B960ACC3F55B}
	EndGlobalSection
EndGlobal
